
Microsoft Visual Studio Solution File, Format Version 12.00
# Visual Studio Version 17
VisualStudioVersion = 17.4.33110.190
MinimumVisualStudioVersion = 10.0.40219.1
Project("{FAE04EC0-301F-11D3-BF4B-00C04F79EFBC}") = "PaintingForKids", "PaintingForKids\PaintingForKids.csproj", "{AF6EF7E6-3C8C-4B35-804F-B4F01C7D7815}"
EndProject
Global
	GlobalSection(SolutionConfigurationPlatforms) = preSolution
		Debug|Any CPU = Debug|Any CPU
		Release|Any CPU = Release|Any CPU
	EndGlobalSection
	GlobalSection(ProjectConfigurationPlatforms) = postSolution
		{AF6EF7E6-3C8C-4B35-804F-B4F01C7D7815}.Debug|Any CPU.ActiveCfg = Debug|Any CPU
		{AF6EF7E6-3C8C-4B35-804F-B4F01C7D7815}.Debug|Any CPU.Build.0 = Debug|Any CPU
		{AF6EF7E6-3C8C-4B35-804F-B4F01C7D7815}.Release|Any CPU.ActiveCfg = Release|Any CPU
		{AF6EF7E6-3C8C-4B35-804F-B4F01C7D7815}.Release|Any CPU.Build.0 = Release|Any CPU
	EndGlobalSection
	GlobalSection(SolutionProperties) = preSolution
		HideSolutionNode = FALSE
	EndGlobalSection
	GlobalSection(ExtensibilityGlobals) = postSolution
		SolutionGuid = {83A4D15F-B97D-4802-8551-1A944493F565}
	EndGlobalSection
EndGlobal
